
Microsoft Visual Studio Solution File, Format Version 12.00
# Visual Studio Version 16
VisualStudioVersion = 16.0.30413.136
MinimumVisualStudioVersion = 10.0.40219.1
Project("{FAE04EC0-301F-11D3-BF4B-00C04F79EFBC}") = "Alert-To-Care_practice", "Alert-To-Care_practice\Alert-To-Care_practice.csproj", "{4510F662-306F-48B7-A693-CFBE60B52F08}"
EndProject
Project("{FAE04EC0-301F-11D3-BF4B-00C04F79EFBC}") = "Alert-To-Care-Test", "Alert-To-Care-Test\Alert-To-Care-Test.csproj", "{E42A80C1-032D-410D-803C-2D2B73CCE46F}"
EndProject
Project("{FAE04EC0-301F-11D3-BF4B-00C04F79EFBC}") = "integration-testing", "integration-testing\integration-testing.csproj", "{31CCCB7D-A22E-47D6-917A-7D66F107BDBF}"
EndProject
Global
	GlobalSection(SolutionConfigurationPlatforms) = preSolution
		Debug|Any CPU = Debug|Any CPU
		Release|Any CPU = Release|Any CPU
	EndGlobalSection
	GlobalSection(ProjectConfigurationPlatforms) = postSolution
		{4510F662-306F-48B7-A693-CFBE60B52F08}.Debug|Any CPU.ActiveCfg = Debug|Any CPU
		{4510F662-306F-48B7-A693-CFBE60B52F08}.Debug|Any CPU.Build.0 = Debug|Any CPU
		{4510F662-306F-48B7-A693-CFBE60B52F08}.Release|Any CPU.ActiveCfg = Release|Any CPU
		{4510F662-306F-48B7-A693-CFBE60B52F08}.Release|Any CPU.Build.0 = Release|Any CPU
		{E42A80C1-032D-410D-803C-2D2B73CCE46F}.Debug|Any CPU.ActiveCfg = Debug|Any CPU
		{E42A80C1-032D-410D-803C-2D2B73CCE46F}.Debug|Any CPU.Build.0 = Debug|Any CPU
		{E42A80C1-032D-410D-803C-2D2B73CCE46F}.Release|Any CPU.ActiveCfg = Release|Any CPU
		{E42A80C1-032D-410D-803C-2D2B73CCE46F}.Release|Any CPU.Build.0 = Release|Any CPU
		{31CCCB7D-A22E-47D6-917A-7D66F107BDBF}.Debug|Any CPU.ActiveCfg = Debug|Any CPU
		{31CCCB7D-A22E-47D6-917A-7D66F107BDBF}.Debug|Any CPU.Build.0 = Debug|Any CPU
		{31CCCB7D-A22E-47D6-917A-7D66F107BDBF}.Release|Any CPU.ActiveCfg = Release|Any CPU
		{31CCCB7D-A22E-47D6-917A-7D66F107BDBF}.Release|Any CPU.Build.0 = Release|Any CPU
	EndGlobalSection
	GlobalSection(SolutionProperties) = preSolution
		HideSolutionNode = FALSE
	EndGlobalSection
	GlobalSection(ExtensibilityGlobals) = postSolution
		SolutionGuid = {9691313C-1287-479C-BDBA-64D716C6C42E}
	EndGlobalSection
EndGlobal
